// !$*UTF8*$!
{
	archiveVersion = 1;
	classes = {
	};
	objectVersion = 56;
	objects = {

/* Begin PBXBuildFile section */
		A94307B42C777256007EE190 /* WeatherAppApp.swift in Sources */ = {isa = PBXBuildFile; fileRef = A94307B32C777256007EE190 /* WeatherAppApp.swift */; };
		A94307B62C777256007EE190 /* MainScreenView.swift in Sources */ = {isa = PBXBuildFile; fileRef = A94307B52C777256007EE190 /* MainScreenView.swift */; };
		A94307B82C777258007EE190 /* Assets.xcassets in Resources */ = {isa = PBXBuildFile; fileRef = A94307B72C777258007EE190 /* Assets.xcassets */; };
		A94307BB2C777258007EE190 /* Preview Assets.xcassets in Resources */ = {isa = PBXBuildFile; fileRef = A94307BA2C777258007EE190 /* Preview Assets.xcassets */; };
		A94307C22C777270007EE190 /* WeatherService.swift in Sources */ = {isa = PBXBuildFile; fileRef = A94307C12C777270007EE190 /* WeatherService.swift */; };
		A94307C42C7773A0007EE190 /* WeatherData.swift in Sources */ = {isa = PBXBuildFile; fileRef = A94307C32C7773A0007EE190 /* WeatherData.swift */; };
		A94307C62C777B21007EE190 /* BackgroundView.swift in Sources */ = {isa = PBXBuildFile; fileRef = A94307C52C777B21007EE190 /* BackgroundView.swift */; };
		A94307C82C77922A007EE190 /* TopSection.swift in Sources */ = {isa = PBXBuildFile; fileRef = A94307C72C77922A007EE190 /* TopSection.swift */; };
		A94307CA2C779237007EE190 /* MiddleSection.swift in Sources */ = {isa = PBXBuildFile; fileRef = A94307C92C779237007EE190 /* MiddleSection.swift */; };
		A94307CC2C779245007EE190 /* BottomSection.swift in Sources */ = {isa = PBXBuildFile; fileRef = A94307CB2C779245007EE190 /* BottomSection.swift */; };
		A94A11A32C7B620400AE0E09 /* SearchBar.swift in Sources */ = {isa = PBXBuildFile; fileRef = A94A11A22C7B620400AE0E09 /* SearchBar.swift */; };
		A98CE54E2C77ADD100EEA2BC /* DecorativeRectangleView.swift in Sources */ = {isa = PBXBuildFile; fileRef = A98CE54D2C77ADD100EEA2BC /* DecorativeRectangleView.swift */; };
		A98CE5502C77B69400EEA2BC /* WeatherImageView.swift in Sources */ = {isa = PBXBuildFile; fileRef = A98CE54F2C77B69400EEA2BC /* WeatherImageView.swift */; };
		A98CE5532C77CF5100EEA2BC /* DetailsScreenView.swift in Sources */ = {isa = PBXBuildFile; fileRef = A98CE5522C77CF5100EEA2BC /* DetailsScreenView.swift */; };
		A98CE5552C7A907A00EEA2BC /* WeatherTimeFormatter.swift in Sources */ = {isa = PBXBuildFile; fileRef = A98CE5542C7A907A00EEA2BC /* WeatherTimeFormatter.swift */; };
		A98CE5572C7A93A800EEA2BC /* HourlyForecastRow.swift in Sources */ = {isa = PBXBuildFile; fileRef = A98CE5562C7A93A800EEA2BC /* HourlyForecastRow.swift */; };
/* End PBXBuildFile section */

/* Begin PBXFileReference section */
		A94307B02C777256007EE190 /* WeatherApp.app */ = {isa = PBXFileReference; explicitFileType = wrapper.application; includeInIndex = 0; path = WeatherApp.app; sourceTree = BUILT_PRODUCTS_DIR; };
		A94307B32C777256007EE190 /* WeatherAppApp.swift */ = {isa = PBXFileReference; lastKnownFileType = sourcecode.swift; path = WeatherAppApp.swift; sourceTree = "<group>"; };
		A94307B52C777256007EE190 /* MainScreenView.swift */ = {isa = PBXFileReference; lastKnownFileType = sourcecode.swift; path = MainScreenView.swift; sourceTree = "<group>"; };
		A94307B72C777258007EE190 /* Assets.xcassets */ = {isa = PBXFileReference; lastKnownFileType = folder.assetcatalog; path = Assets.xcassets; sourceTree = "<group>"; };
		A94307BA2C777258007EE190 /* Preview Assets.xcassets */ = {isa = PBXFileReference; lastKnownFileType = folder.assetcatalog; path = "Preview Assets.xcassets"; sourceTree = "<group>"; };
		A94307C12C777270007EE190 /* WeatherService.swift */ = {isa = PBXFileReference; lastKnownFileType = sourcecode.swift; path = WeatherService.swift; sourceTree = "<group>"; };
		A94307C32C7773A0007EE190 /* WeatherData.swift */ = {isa = PBXFileReference; lastKnownFileType = sourcecode.swift; path = WeatherData.swift; sourceTree = "<group>"; };
		A94307C52C777B21007EE190 /* BackgroundView.swift */ = {isa = PBXFileReference; lastKnownFileType = sourcecode.swift; path = BackgroundView.swift; sourceTree = "<group>"; };
		A94307C72C77922A007EE190 /* TopSection.swift */ = {isa = PBXFileReference; lastKnownFileType = sourcecode.swift; path = TopSection.swift; sourceTree = "<group>"; };
		A94307C92C779237007EE190 /* MiddleSection.swift */ = {isa = PBXFileReference; lastKnownFileType = sourcecode.swift; path = MiddleSection.swift; sourceTree = "<group>"; };
		A94307CB2C779245007EE190 /* BottomSection.swift */ = {isa = PBXFileReference; lastKnownFileType = sourcecode.swift; path = BottomSection.swift; sourceTree = "<group>"; };
		A94A11A22C7B620400AE0E09 /* SearchBar.swift */ = {isa = PBXFileReference; lastKnownFileType = sourcecode.swift; path = SearchBar.swift; sourceTree = "<group>"; };
		A98CE54D2C77ADD100EEA2BC /* DecorativeRectangleView.swift */ = {isa = PBXFileReference; lastKnownFileType = sourcecode.swift; path = DecorativeRectangleView.swift; sourceTree = "<group>"; };
		A98CE54F2C77B69400EEA2BC /* WeatherImageView.swift */ = {isa = PBXFileReference; lastKnownFileType = sourcecode.swift; path = WeatherImageView.swift; sourceTree = "<group>"; };
		A98CE5522C77CF5100EEA2BC /* DetailsScreenView.swift */ = {isa = PBXFileReference; lastKnownFileType = sourcecode.swift; path = DetailsScreenView.swift; sourceTree = "<group>"; };
		A98CE5542C7A907A00EEA2BC /* WeatherTimeFormatter.swift */ = {isa = PBXFileReference; lastKnownFileType = sourcecode.swift; path = WeatherTimeFormatter.swift; sourceTree = "<group>"; };
		A98CE5562C7A93A800EEA2BC /* HourlyForecastRow.swift */ = {isa = PBXFileReference; lastKnownFileType = sourcecode.swift; path = HourlyForecastRow.swift; sourceTree = "<group>"; };
/* End PBXFileReference section */

/* Begin PBXFrameworksBuildPhase section */
		A94307AD2C777256007EE190 /* Frameworks */ = {
			isa = PBXFrameworksBuildPhase;
			buildActionMask = 2147483647;
			files = (
			);
			runOnlyForDeploymentPostprocessing = 0;
		};
/* End PBXFrameworksBuildPhase section */

/* Begin PBXGroup section */
		A94307A72C777256007EE190 = {
			isa = PBXGroup;
			children = (
				A94307B22C777256007EE190 /* WeatherApp */,
				A94307B12C777256007EE190 /* Products */,
			);
			sourceTree = "<group>";
		};
		A94307B12C777256007EE190 /* Products */ = {
			isa = PBXGroup;
			children = (
				A94307B02C777256007EE190 /* WeatherApp.app */,
			);
			name = Products;
			sourceTree = "<group>";
		};
		A94307B22C777256007EE190 /* WeatherApp */ = {
			isa = PBXGroup;
			children = (
				A94307B32C777256007EE190 /* WeatherAppApp.swift */,
				A98CE55B2C7A96D400EEA2BC /* Utilities */,
				A98CE55A2C7A964600EEA2BC /* Models */,
				A98CE5592C7A962700EEA2BC /* Services */,
				A98CE5582C7A95FE00EEA2BC /* Views */,
				A94307B72C777258007EE190 /* Assets.xcassets */,
				A94307B92C777258007EE190 /* Preview Content */,
			);
			path = WeatherApp;
			sourceTree = "<group>";
		};
		A94307B92C777258007EE190 /* Preview Content */ = {
			isa = PBXGroup;
			children = (
				A94307BA2C777258007EE190 /* Preview Assets.xcassets */,
			);
			path = "Preview Content";
			sourceTree = "<group>";
		};
		A94307CD2C779768007EE190 /* MainScreenView */ = {
			isa = PBXGroup;
			children = (
				A94307B52C777256007EE190 /* MainScreenView.swift */,
				A94307CE2C77977D007EE190 /* content */,
			);
			path = MainScreenView;
			sourceTree = "<group>";
		};
		A94307CE2C77977D007EE190 /* content */ = {
			isa = PBXGroup;
			children = (
				A94307C72C77922A007EE190 /* TopSection.swift */,
				A94307C92C779237007EE190 /* MiddleSection.swift */,
				A94307CB2C779245007EE190 /* BottomSection.swift */,
			);
			path = content;
			sourceTree = "<group>";
		};
		A98CE5512C77CB8B00EEA2BC /* DetailsScreenView */ = {
			isa = PBXGroup;
			children = (
				A98CE5522C77CF5100EEA2BC /* DetailsScreenView.swift */,
				A98CE5562C7A93A800EEA2BC /* HourlyForecastRow.swift */,
			);
			path = DetailsScreenView;
			sourceTree = "<group>";
		};
		A98CE5582C7A95FE00EEA2BC /* Views */ = {
			isa = PBXGroup;
			children = (
				A98CE55C2C7A971B00EEA2BC /* Common */,
				A94307CD2C779768007EE190 /* MainScreenView */,
				A98CE5512C77CB8B00EEA2BC /* DetailsScreenView */,
			);
			path = Views;
			sourceTree = "<group>";
		};
		A98CE5592C7A962700EEA2BC /* Services */ = {
			isa = PBXGroup;
			children = (
				A94307C12C777270007EE190 /* WeatherService.swift */,
			);
			path = Services;
			sourceTree = "<group>";
		};
		A98CE55A2C7A964600EEA2BC /* Models */ = {
			isa = PBXGroup;
			children = (
				A94307C32C7773A0007EE190 /* WeatherData.swift */,
			);
			path = Models;
			sourceTree = "<group>";
		};
		A98CE55B2C7A96D400EEA2BC /* Utilities */ = {
			isa = PBXGroup;
			children = (
				A98CE5542C7A907A00EEA2BC /* WeatherTimeFormatter.swift */,
			);
			path = Utilities;
			sourceTree = "<group>";
		};
		A98CE55C2C7A971B00EEA2BC /* Common */ = {
			isa = PBXGroup;
			children = (
				A98CE54F2C77B69400EEA2BC /* WeatherImageView.swift */,
				A98CE54D2C77ADD100EEA2BC /* DecorativeRectangleView.swift */,
				A94307C52C777B21007EE190 /* BackgroundView.swift */,
				A94A11A22C7B620400AE0E09 /* SearchBar.swift */,
			);
			path = Common;
			sourceTree = "<group>";
		};
/* End PBXGroup section */

/* Begin PBXNativeTarget section */
		A94307AF2C777256007EE190 /* WeatherApp */ = {
			isa = PBXNativeTarget;
			buildConfigurationList = A94307BE2C777258007EE190 /* Build configuration list for PBXNativeTarget "WeatherApp" */;
			buildPhases = (
				A94307AC2C777256007EE190 /* Sources */,
				A94307AD2C777256007EE190 /* Frameworks */,
				A94307AE2C777256007EE190 /* Resources */,
			);
			buildRules = (
			);
			dependencies = (
			);
			name = WeatherApp;
			productName = WeatherApp;
			productReference = A94307B02C777256007EE190 /* WeatherApp.app */;
			productType = "com.apple.product-type.application";
		};
/* End PBXNativeTarget section */

/* Begin PBXProject section */
		A94307A82C777256007EE190 /* Project object */ = {
			isa = PBXProject;
			attributes = {
				BuildIndependentTargetsInParallel = 1;
				LastSwiftUpdateCheck = 1520;
				LastUpgradeCheck = 1520;
				TargetAttributes = {
					A94307AF2C777256007EE190 = {
						CreatedOnToolsVersion = 15.2;
					};
				};
			};
			buildConfigurationList = A94307AB2C777256007EE190 /* Build configuration list for PBXProject "WeatherApp" */;
			compatibilityVersion = "Xcode 14.0";
			developmentRegion = en;
			hasScannedForEncodings = 0;
			knownRegions = (
				en,
				Base,
			);
			mainGroup = A94307A72C777256007EE190;
			productRefGroup = A94307B12C777256007EE190 /* Products */;
			projectDirPath = "";
			projectRoot = "";
			targets = (
				A94307AF2C777256007EE190 /* WeatherApp */,
			);
		};
/* End PBXProject section */

/* Begin PBXResourcesBuildPhase section */
		A94307AE2C777256007EE190 /* Resources */ = {
			isa = PBXResourcesBuildPhase;
			buildActionMask = 2147483647;
			files = (
				A94307BB2C777258007EE190 /* Preview Assets.xcassets in Resources */,
				A94307B82C777258007EE190 /* Assets.xcassets in Resources */,
			);
			runOnlyForDeploymentPostprocessing = 0;
		};
/* End PBXResourcesBuildPhase section */

/* Begin PBXSourcesBuildPhase section */
		A94307AC2C777256007EE190 /* Sources */ = {
			isa = PBXSourcesBuildPhase;
			buildActionMask = 2147483647;
			files = (
				A98CE54E2C77ADD100EEA2BC /* DecorativeRectangleView.swift in Sources */,
				A98CE5552C7A907A00EEA2BC /* WeatherTimeFormatter.swift in Sources */,
				A94307CC2C779245007EE190 /* BottomSection.swift in Sources */,
				A94307C62C777B21007EE190 /* BackgroundView.swift in Sources */,
				A94307C42C7773A0007EE190 /* WeatherData.swift in Sources */,
				A98CE5572C7A93A800EEA2BC /* HourlyForecastRow.swift in Sources */,
				A94307B62C777256007EE190 /* MainScreenView.swift in Sources */,
				A94A11A32C7B620400AE0E09 /* SearchBar.swift in Sources */,
				A98CE5532C77CF5100EEA2BC /* DetailsScreenView.swift in Sources */,
				A98CE5502C77B69400EEA2BC /* WeatherImageView.swift in Sources */,
				A94307C82C77922A007EE190 /* TopSection.swift in Sources */,
				A94307B42C777256007EE190 /* WeatherAppApp.swift in Sources */,
				A94307CA2C779237007EE190 /* MiddleSection.swift in Sources */,
				A94307C22C777270007EE190 /* WeatherService.swift in Sources */,
			);
			runOnlyForDeploymentPostprocessing = 0;
		};
/* End PBXSourcesBuildPhase section */

/* Begin XCBuildConfiguration section */
		A94307BC2C777258007EE190 /* Debug */ = {
			isa = XCBuildConfiguration;
			buildSettings = {
				ALWAYS_SEARCH_USER_PATHS = NO;
				ASSETCATALOG_COMPILER_GENERATE_SWIFT_ASSET_SYMBOL_EXTENSIONS = YES;
				CLANG_ANALYZER_NONNULL = YES;
				CLANG_ANALYZER_NUMBER_OBJECT_CONVERSION = YES_AGGRESSIVE;
				CLANG_CXX_LANGUAGE_STANDARD = "gnu++20";
				CLANG_ENABLE_MODULES = YES;
				CLANG_ENABLE_OBJC_ARC = YES;
				CLANG_ENABLE_OBJC_WEAK = YES;
				CLANG_WARN_BLOCK_CAPTURE_AUTORELEASING = YES;
				CLANG_WARN_BOOL_CONVERSION = YES;
				CLANG_WARN_COMMA = YES;
				CLANG_WARN_CONSTANT_CONVERSION = YES;
				CLANG_WARN_DEPRECATED_OBJC_IMPLEMENTATIONS = YES;
				CLANG_WARN_DIRECT_OBJC_ISA_USAGE = YES_ERROR;
				CLANG_WARN_DOCUMENTATION_COMMENTS = YES;
				CLANG_WARN_EMPTY_BODY = YES;
				CLANG_WARN_ENUM_CONVERSION = YES;
				CLANG_WARN_INFINITE_RECURSION = YES;
				CLANG_WARN_INT_CONVERSION = YES;
				CLANG_WARN_NON_LITERAL_NULL_CONVERSION = YES;
				CLANG_WARN_OBJC_IMPLICIT_RETAIN_SELF = YES;
				CLANG_WARN_OBJC_LITERAL_CONVERSION = YES;
				CLANG_WARN_OBJC_ROOT_CLASS = YES_ERROR;
				CLANG_WARN_QUOTED_INCLUDE_IN_FRAMEWORK_HEADER = YES;
				CLANG_WARN_RANGE_LOOP_ANALYSIS = YES;
				CLANG_WARN_STRICT_PROTOTYPES = YES;
				CLANG_WARN_SUSPICIOUS_MOVE = YES;
				CLANG_WARN_UNGUARDED_AVAILABILITY = YES_AGGRESSIVE;
				CLANG_WARN_UNREACHABLE_CODE = YES;
				CLANG_WARN__DUPLICATE_METHOD_MATCH = YES;
				COPY_PHASE_STRIP = NO;
				DEBUG_INFORMATION_FORMAT = dwarf;
				ENABLE_STRICT_OBJC_MSGSEND = YES;
				ENABLE_TESTABILITY = YES;
				ENABLE_USER_SCRIPT_SANDBOXING = YES;
				GCC_C_LANGUAGE_STANDARD = gnu17;
				GCC_DYNAMIC_NO_PIC = NO;
				GCC_NO_COMMON_BLOCKS = YES;
				GCC_OPTIMIZATION_LEVEL = 0;
				GCC_PREPROCESSOR_DEFINITIONS = (
					"DEBUG=1",
					"$(inherited)",
				);
				GCC_WARN_64_TO_32_BIT_CONVERSION = YES;
				GCC_WARN_ABOUT_RETURN_TYPE = YES_ERROR;
				GCC_WARN_UNDECLARED_SELECTOR = YES;
				GCC_WARN_UNINITIALIZED_AUTOS = YES_AGGRESSIVE;
				GCC_WARN_UNUSED_FUNCTION = YES;
				GCC_WARN_UNUSED_VARIABLE = YES;
				IPHONEOS_DEPLOYMENT_TARGET = 17.2;
				LOCALIZATION_PREFERS_STRING_CATALOGS = YES;
				MTL_ENABLE_DEBUG_INFO = INCLUDE_SOURCE;
				MTL_FAST_MATH = YES;
				ONLY_ACTIVE_ARCH = YES;
				SDKROOT = iphoneos;
				SWIFT_ACTIVE_COMPILATION_CONDITIONS = "DEBUG $(inherited)";
				SWIFT_OPTIMIZATION_LEVEL = "-Onone";
			};
			name = Debug;
		};
		A94307BD2C777258007EE190 /* Release */ = {
			isa = XCBuildConfiguration;
			buildSettings = {
				ALWAYS_SEARCH_USER_PATHS = NO;
				ASSETCATALOG_COMPILER_GENERATE_SWIFT_ASSET_SYMBOL_EXTENSIONS = YES;
				CLANG_ANALYZER_NONNULL = YES;
				CLANG_ANALYZER_NUMBER_OBJECT_CONVERSION = YES_AGGRESSIVE;
				CLANG_CXX_LANGUAGE_STANDARD = "gnu++20";
				CLANG_ENABLE_MODULES = YES;
				CLANG_ENABLE_OBJC_ARC = YES;
				CLANG_ENABLE_OBJC_WEAK = YES;
				CLANG_WARN_BLOCK_CAPTURE_AUTORELEASING = YES;
				CLANG_WARN_BOOL_CONVERSION = YES;
				CLANG_WARN_COMMA = YES;
				CLANG_WARN_CONSTANT_CONVERSION = YES;
				CLANG_WARN_DEPRECATED_OBJC_IMPLEMENTATIONS = YES;
				CLANG_WARN_DIRECT_OBJC_ISA_USAGE = YES_ERROR;
				CLANG_WARN_DOCUMENTATION_COMMENTS = YES;
				CLANG_WARN_EMPTY_BODY = YES;
				CLANG_WARN_ENUM_CONVERSION = YES;
				CLANG_WARN_INFINITE_RECURSION = YES;
				CLANG_WARN_INT_CONVERSION = YES;
				CLANG_WARN_NON_LITERAL_NULL_CONVERSION = YES;
				CLANG_WARN_OBJC_IMPLICIT_RETAIN_SELF = YES;
				CLANG_WARN_OBJC_LITERAL_CONVERSION = YES;
				CLANG_WARN_OBJC_ROOT_CLASS = YES_ERROR;
				CLANG_WARN_QUOTED_INCLUDE_IN_FRAMEWORK_HEADER = YES;
				CLANG_WARN_RANGE_LOOP_ANALYSIS = YES;
				CLANG_WARN_STRICT_PROTOTYPES = YES;
				CLANG_WARN_SUSPICIOUS_MOVE = YES;
				CLANG_WARN_UNGUARDED_AVAILABILITY = YES_AGGRESSIVE;
				CLANG_WARN_UNREACHABLE_CODE = YES;
				CLANG_WARN__DUPLICATE_METHOD_MATCH = YES;
				COPY_PHASE_STRIP = NO;
				DEBUG_INFORMATION_FORMAT = "dwarf-with-dsym";
				ENABLE_NS_ASSERTIONS = NO;
				ENABLE_STRICT_OBJC_MSGSEND = YES;
				ENABLE_USER_SCRIPT_SANDBOXING = YES;
				GCC_C_LANGUAGE_STANDARD = gnu17;
				GCC_NO_COMMON_BLOCKS = YES;
				GCC_WARN_64_TO_32_BIT_CONVERSION = YES;
				GCC_WARN_ABOUT_RETURN_TYPE = YES_ERROR;
				GCC_WARN_UNDECLARED_SELECTOR = YES;
				GCC_WARN_UNINITIALIZED_AUTOS = YES_AGGRESSIVE;
				GCC_WARN_UNUSED_FUNCTION = YES;
				GCC_WARN_UNUSED_VARIABLE = YES;
				IPHONEOS_DEPLOYMENT_TARGET = 17.2;
				LOCALIZATION_PREFERS_STRING_CATALOGS = YES;
				MTL_ENABLE_DEBUG_INFO = NO;
				MTL_FAST_MATH = YES;
				SDKROOT = iphoneos;
				SWIFT_COMPILATION_MODE = wholemodule;
				VALIDATE_PRODUCT = YES;
			};
			name = Release;
		};
		A94307BF2C777258007EE190 /* Debug */ = {
			isa = XCBuildConfiguration;
			buildSettings = {
				ASSETCATALOG_COMPILER_APPICON_NAME = AppIcon;
				ASSETCATALOG_COMPILER_GLOBAL_ACCENT_COLOR_NAME = AccentColor;
				CODE_SIGN_STYLE = Automatic;
				CURRENT_PROJECT_VERSION = 1;
				DEVELOPMENT_ASSET_PATHS = "\"WeatherApp/Preview Content\"";
				ENABLE_PREVIEWS = YES;
				GENERATE_INFOPLIST_FILE = YES;
				INFOPLIST_KEY_UIApplicationSceneManifest_Generation = YES;
				INFOPLIST_KEY_UIApplicationSupportsIndirectInputEvents = YES;
				INFOPLIST_KEY_UILaunchScreen_Generation = YES;
				INFOPLIST_KEY_UISupportedInterfaceOrientations_iPad = "UIInterfaceOrientationPortrait UIInterfaceOrientationPortraitUpsideDown UIInterfaceOrientationLandscapeLeft UIInterfaceOrientationLandscapeRight";
				INFOPLIST_KEY_UISupportedInterfaceOrientations_iPhone = "UIInterfaceOrientationPortrait UIInterfaceOrientationLandscapeLeft UIInterfaceOrientationLandscapeRight";
				LD_RUNPATH_SEARCH_PATHS = (
					"$(inherited)",
					"@executable_path/Frameworks",
				);
				MARKETING_VERSION = 1.0;
				PRODUCT_BUNDLE_IDENTIFIER = engy.WeatherApp;
				PRODUCT_NAME = "$(TARGET_NAME)";
				SWIFT_EMIT_LOC_STRINGS = YES;
				SWIFT_VERSION = 5.0;
				TARGETED_DEVICE_FAMILY = "1,2";
			};
			name = Debug;
		};
		A94307C02C777258007EE190 /* Release */ = {
			isa = XCBuildConfiguration;
			buildSettings = {
				ASSETCATALOG_COMPILER_APPICON_NAME = AppIcon;
				ASSETCATALOG_COMPILER_GLOBAL_ACCENT_COLOR_NAME = AccentColor;
				CODE_SIGN_STYLE = Automatic;
				CURRENT_PROJECT_VERSION = 1;
				DEVELOPMENT_ASSET_PATHS = "\"WeatherApp/Preview Content\"";
				ENABLE_PREVIEWS = YES;
				GENERATE_INFOPLIST_FILE = YES;
				INFOPLIST_KEY_UIApplicationSceneManifest_Generation = YES;
				INFOPLIST_KEY_UIApplicationSupportsIndirectInputEvents = YES;
				INFOPLIST_KEY_UILaunchScreen_Generation = YES;
				INFOPLIST_KEY_UISupportedInterfaceOrientations_iPad = "UIInterfaceOrientationPortrait UIInterfaceOrientationPortraitUpsideDown UIInterfaceOrientationLandscapeLeft UIInterfaceOrientationLandscapeRight";
				INFOPLIST_KEY_UISupportedInterfaceOrientations_iPhone = "UIInterfaceOrientationPortrait UIInterfaceOrientationLandscapeLeft UIInterfaceOrientationLandscapeRight";
				LD_RUNPATH_SEARCH_PATHS = (
					"$(inherited)",
					"@executable_path/Frameworks",
				);
				MARKETING_VERSION = 1.0;
				PRODUCT_BUNDLE_IDENTIFIER = engy.WeatherApp;
				PRODUCT_NAME = "$(TARGET_NAME)";
				SWIFT_EMIT_LOC_STRINGS = YES;
				SWIFT_VERSION = 5.0;
				TARGETED_DEVICE_FAMILY = "1,2";
			};
			name = Release;
		};
/* End XCBuildConfiguration section */

/* Begin XCConfigurationList section */
		A94307AB2C777256007EE190 /* Build configuration list for PBXProject "WeatherApp" */ = {
			isa = XCConfigurationList;
			buildConfigurations = (
				A94307BC2C777258007EE190 /* Debug */,
				A94307BD2C777258007EE190 /* Release */,
			);
			defaultConfigurationIsVisible = 0;
			defaultConfigurationName = Release;
		};
		A94307BE2C777258007EE190 /* Build configuration list for PBXNativeTarget "WeatherApp" */ = {
			isa = XCConfigurationList;
			buildConfigurations = (
				A94307BF2C777258007EE190 /* Debug */,
				A94307C02C777258007EE190 /* Release */,
			);
			defaultConfigurationIsVisible = 0;
			defaultConfigurationName = Release;
		};
/* End XCConfigurationList section */
	};
	rootObject = A94307A82C777256007EE190 /* Project object */;
}
